// !$*UTF8*$!
{
	archiveVersion = 1;
	classes = {
	};
	objectVersion = 46;
	objects = {

/* Begin PBXBuildFile section */
		88B6F41716057D4F00E18453 /* UIKit.framework in Frameworks */ = {isa = PBXBuildFile; fileRef = 88B6F41616057D4F00E18453 /* UIKit.framework */; };
		88B6F41916057D4F00E18453 /* Foundation.framework in Frameworks */ = {isa = PBXBuildFile; fileRef = 88B6F41816057D4F00E18453 /* Foundation.framework */; };
		88B6F41B16057D4F00E18453 /* CoreGraphics.framework in Frameworks */ = {isa = PBXBuildFile; fileRef = 88B6F41A16057D4F00E18453 /* CoreGraphics.framework */; };
		88B6F42116057D4F00E18453 /* InfoPlist.strings in Resources */ = {isa = PBXBuildFile; fileRef = 88B6F41F16057D4F00E18453 /* InfoPlist.strings */; };
		88B6F42316057D4F00E18453 /* main.m in Sources */ = {isa = PBXBuildFile; fileRef = 88B6F42216057D4F00E18453 /* main.m */; };
		88B6F42716057D4F00E18453 /* AppDelegate.m in Sources */ = {isa = PBXBuildFile; fileRef = 88B6F42616057D4F00E18453 /* AppDelegate.m */; };
		88B6F42A16057D4F00E18453 /* FirstViewController.m in Sources */ = {isa = PBXBuildFile; fileRef = 88B6F42916057D4F00E18453 /* FirstViewController.m */; };
		88B6F42C16057D4F00E18453 /* first.png in Resources */ = {isa = PBXBuildFile; fileRef = 88B6F42B16057D4F00E18453 /* first.png */; };
		88B6F42E16057D4F00E18453 /* first@2x.png in Resources */ = {isa = PBXBuildFile; fileRef = 88B6F42D16057D4F00E18453 /* first@2x.png */; };
		88B6F43116057D4F00E18453 /* SecondViewController.m in Sources */ = {isa = PBXBuildFile; fileRef = 88B6F43016057D4F00E18453 /* SecondViewController.m */; };
		88B6F43316057D4F00E18453 /* second.png in Resources */ = {isa = PBXBuildFile; fileRef = 88B6F43216057D4F00E18453 /* second.png */; };
		88B6F43516057D4F00E18453 /* second@2x.png in Resources */ = {isa = PBXBuildFile; fileRef = 88B6F43416057D4F00E18453 /* second@2x.png */; };
		88B6F43816057D4F00E18453 /* FirstViewController.xib in Resources */ = {isa = PBXBuildFile; fileRef = 88B6F43616057D4F00E18453 /* FirstViewController.xib */; };
		88B6F43B16057D4F00E18453 /* SecondViewController.xib in Resources */ = {isa = PBXBuildFile; fileRef = 88B6F43916057D4F00E18453 /* SecondViewController.xib */; };
		88B6F44316057FA400E18453 /* GradientBackgroundView.m in Sources */ = {isa = PBXBuildFile; fileRef = 88B6F44216057FA400E18453 /* GradientBackgroundView.m */; };
		88B6F4461605822500E18453 /* RoundedView.m in Sources */ = {isa = PBXBuildFile; fileRef = 88B6F4451605822400E18453 /* RoundedView.m */; };
/* End PBXBuildFile section */

/* Begin PBXFileReference section */
		88B6F41216057D4F00E18453 /* FormTrial.app */ = {isa = PBXFileReference; explicitFileType = wrapper.application; includeInIndex = 0; path = FormTrial.app; sourceTree = BUILT_PRODUCTS_DIR; };
		88B6F41616057D4F00E18453 /* UIKit.framework */ = {isa = PBXFileReference; lastKnownFileType = wrapper.framework; name = UIKit.framework; path = System/Library/Frameworks/UIKit.framework; sourceTree = SDKROOT; };
		88B6F41816057D4F00E18453 /* Foundation.framework */ = {isa = PBXFileReference; lastKnownFileType = wrapper.framework; name = Foundation.framework; path = System/Library/Frameworks/Foundation.framework; sourceTree = SDKROOT; };
		88B6F41A16057D4F00E18453 /* CoreGraphics.framework */ = {isa = PBXFileReference; lastKnownFileType = wrapper.framework; name = CoreGraphics.framework; path = System/Library/Frameworks/CoreGraphics.framework; sourceTree = SDKROOT; };
		88B6F41E16057D4F00E18453 /* FormTrial-Info.plist */ = {isa = PBXFileReference; lastKnownFileType = text.plist.xml; path = "FormTrial-Info.plist"; sourceTree = "<group>"; };
		88B6F42016057D4F00E18453 /* en */ = {isa = PBXFileReference; lastKnownFileType = text.plist.strings; name = en; path = en.lproj/InfoPlist.strings; sourceTree = "<group>"; };
		88B6F42216057D4F00E18453 /* main.m */ = {isa = PBXFileReference; lastKnownFileType = sourcecode.c.objc; path = main.m; sourceTree = "<group>"; };
		88B6F42416057D4F00E18453 /* FormTrial-Prefix.pch */ = {isa = PBXFileReference; lastKnownFileType = sourcecode.c.h; path = "FormTrial-Prefix.pch"; sourceTree = "<group>"; };
		88B6F42516057D4F00E18453 /* AppDelegate.h */ = {isa = PBXFileReference; lastKnownFileType = sourcecode.c.h; path = AppDelegate.h; sourceTree = "<group>"; };
		88B6F42616057D4F00E18453 /* AppDelegate.m */ = {isa = PBXFileReference; lastKnownFileType = sourcecode.c.objc; path = AppDelegate.m; sourceTree = "<group>"; };
		88B6F42816057D4F00E18453 /* FirstViewController.h */ = {isa = PBXFileReference; lastKnownFileType = sourcecode.c.h; path = FirstViewController.h; sourceTree = "<group>"; };
		88B6F42916057D4F00E18453 /* FirstViewController.m */ = {isa = PBXFileReference; lastKnownFileType = sourcecode.c.objc; path = FirstViewController.m; sourceTree = "<group>"; };
		88B6F42B16057D4F00E18453 /* first.png */ = {isa = PBXFileReference; lastKnownFileType = image.png; path = first.png; sourceTree = "<group>"; };
		88B6F42D16057D4F00E18453 /* first@2x.png */ = {isa = PBXFileReference; lastKnownFileType = image.png; path = "first@2x.png"; sourceTree = "<group>"; };
		88B6F42F16057D4F00E18453 /* SecondViewController.h */ = {isa = PBXFileReference; lastKnownFileType = sourcecode.c.h; path = SecondViewController.h; sourceTree = "<group>"; };
		88B6F43016057D4F00E18453 /* SecondViewController.m */ = {isa = PBXFileReference; lastKnownFileType = sourcecode.c.objc; path = SecondViewController.m; sourceTree = "<group>"; };
		88B6F43216057D4F00E18453 /* second.png */ = {isa = PBXFileReference; lastKnownFileType = image.png; path = second.png; sourceTree = "<group>"; };
		88B6F43416057D4F00E18453 /* second@2x.png */ = {isa = PBXFileReference; lastKnownFileType = image.png; path = "second@2x.png"; sourceTree = "<group>"; };
		88B6F43716057D4F00E18453 /* en */ = {isa = PBXFileReference; lastKnownFileType = file.xib; name = en; path = en.lproj/FirstViewController.xib; sourceTree = "<group>"; };
		88B6F43A16057D4F00E18453 /* en */ = {isa = PBXFileReference; lastKnownFileType = file.xib; name = en; path = en.lproj/SecondViewController.xib; sourceTree = "<group>"; };
		88B6F44116057FA400E18453 /* GradientBackgroundView.h */ = {isa = PBXFileReference; fileEncoding = 4; lastKnownFileType = sourcecode.c.h; path = GradientBackgroundView.h; sourceTree = "<group>"; };
		88B6F44216057FA400E18453 /* GradientBackgroundView.m */ = {isa = PBXFileReference; fileEncoding = 4; lastKnownFileType = sourcecode.c.objc; path = GradientBackgroundView.m; sourceTree = "<group>"; };
		88B6F4441605822400E18453 /* RoundedView.h */ = {isa = PBXFileReference; fileEncoding = 4; lastKnownFileType = sourcecode.c.h; path = RoundedView.h; sourceTree = "<group>"; };
		88B6F4451605822400E18453 /* RoundedView.m */ = {isa = PBXFileReference; fileEncoding = 4; lastKnownFileType = sourcecode.c.objc; path = RoundedView.m; sourceTree = "<group>"; };
/* End PBXFileReference section */

/* Begin PBXFrameworksBuildPhase section */
		88B6F40F16057D4F00E18453 /* Frameworks */ = {
			isa = PBXFrameworksBuildPhase;
			buildActionMask = 2147483647;
			files = (
				88B6F41716057D4F00E18453 /* UIKit.framework in Frameworks */,
				88B6F41916057D4F00E18453 /* Foundation.framework in Frameworks */,
				88B6F41B16057D4F00E18453 /* CoreGraphics.framework in Frameworks */,
			);
			runOnlyForDeploymentPostprocessing = 0;
		};
/* End PBXFrameworksBuildPhase section */

/* Begin PBXGroup section */
		88B6F40716057D4F00E18453 = {
			isa = PBXGroup;
			children = (
				88B6F41C16057D4F00E18453 /* FormTrial */,
				88B6F41516057D4F00E18453 /* Frameworks */,
				88B6F41316057D4F00E18453 /* Products */,
			);
			sourceTree = "<group>";
		};
		88B6F41316057D4F00E18453 /* Products */ = {
			isa = PBXGroup;
			children = (
				88B6F41216057D4F00E18453 /* FormTrial.app */,
			);
			name = Products;
			sourceTree = "<group>";
		};
		88B6F41516057D4F00E18453 /* Frameworks */ = {
			isa = PBXGroup;
			children = (
				88B6F41616057D4F00E18453 /* UIKit.framework */,
				88B6F41816057D4F00E18453 /* Foundation.framework */,
				88B6F41A16057D4F00E18453 /* CoreGraphics.framework */,
			);
			name = Frameworks;
			sourceTree = "<group>";
		};
		88B6F41C16057D4F00E18453 /* FormTrial */ = {
			isa = PBXGroup;
			children = (
				88B6F42516057D4F00E18453 /* AppDelegate.h */,
				88B6F42616057D4F00E18453 /* AppDelegate.m */,
				88B6F42816057D4F00E18453 /* FirstViewController.h */,
				88B6F42916057D4F00E18453 /* FirstViewController.m */,
				88B6F42B16057D4F00E18453 /* first.png */,
				88B6F42D16057D4F00E18453 /* first@2x.png */,
				88B6F42F16057D4F00E18453 /* SecondViewController.h */,
				88B6F43016057D4F00E18453 /* SecondViewController.m */,
				88B6F43216057D4F00E18453 /* second.png */,
				88B6F43416057D4F00E18453 /* second@2x.png */,
				88B6F43616057D4F00E18453 /* FirstViewController.xib */,
				88B6F43916057D4F00E18453 /* SecondViewController.xib */,
				88B6F41D16057D4F00E18453 /* Supporting Files */,
				88B6F44116057FA400E18453 /* GradientBackgroundView.h */,
				88B6F44216057FA400E18453 /* GradientBackgroundView.m */,
				88B6F4441605822400E18453 /* RoundedView.h */,
				88B6F4451605822400E18453 /* RoundedView.m */,
			);
			path = FormTrial;
			sourceTree = "<group>";
		};
		88B6F41D16057D4F00E18453 /* Supporting Files */ = {
			isa = PBXGroup;
			children = (
				88B6F41E16057D4F00E18453 /* FormTrial-Info.plist */,
				88B6F41F16057D4F00E18453 /* InfoPlist.strings */,
				88B6F42216057D4F00E18453 /* main.m */,
				88B6F42416057D4F00E18453 /* FormTrial-Prefix.pch */,
			);
			name = "Supporting Files";
			sourceTree = "<group>";
		};
/* End PBXGroup section */

/* Begin PBXNativeTarget section */
		88B6F41116057D4F00E18453 /* FormTrial */ = {
			isa = PBXNativeTarget;
			buildConfigurationList = 88B6F43E16057D4F00E18453 /* Build configuration list for PBXNativeTarget "FormTrial" */;
			buildPhases = (
				88B6F40E16057D4F00E18453 /* Sources */,
				88B6F40F16057D4F00E18453 /* Frameworks */,
				88B6F41016057D4F00E18453 /* Resources */,
			);
			buildRules = (
			);
			dependencies = (
			);
			name = FormTrial;
			productName = FormTrial;
			productReference = 88B6F41216057D4F00E18453 /* FormTrial.app */;
			productType = "com.apple.product-type.application";
		};
/* End PBXNativeTarget section */

/* Begin PBXProject section */
		88B6F40916057D4F00E18453 /* Project object */ = {
			isa = PBXProject;
			attributes = {
				LastUpgradeCheck = 0440;
				ORGANIZATIONNAME = "JCMultimedia Design";
			};
			buildConfigurationList = 88B6F40C16057D4F00E18453 /* Build configuration list for PBXProject "FormTrial" */;
			compatibilityVersion = "Xcode 3.2";
			developmentRegion = English;
			hasScannedForEncodings = 0;
			knownRegions = (
				en,
			);
			mainGroup = 88B6F40716057D4F00E18453;
			productRefGroup = 88B6F41316057D4F00E18453 /* Products */;
			projectDirPath = "";
			projectRoot = "";
			targets = (
				88B6F41116057D4F00E18453 /* FormTrial */,
			);
		};
/* End PBXProject section */

/* Begin PBXResourcesBuildPhase section */
		88B6F41016057D4F00E18453 /* Resources */ = {
			isa = PBXResourcesBuildPhase;
			buildActionMask = 2147483647;
			files = (
				88B6F42116057D4F00E18453 /* InfoPlist.strings in Resources */,
				88B6F42C16057D4F00E18453 /* first.png in Resources */,
				88B6F42E16057D4F00E18453 /* first@2x.png in Resources */,
				88B6F43316057D4F00E18453 /* second.png in Resources */,
				88B6F43516057D4F00E18453 /* second@2x.png in Resources */,
				88B6F43816057D4F00E18453 /* FirstViewController.xib in Resources */,
				88B6F43B16057D4F00E18453 /* SecondViewController.xib in Resources */,
			);
			runOnlyForDeploymentPostprocessing = 0;
		};
/* End PBXResourcesBuildPhase section */

/* Begin PBXSourcesBuildPhase section */
		88B6F40E16057D4F00E18453 /* Sources */ = {
			isa = PBXSourcesBuildPhase;
			buildActionMask = 2147483647;
			files = (
				88B6F42316057D4F00E18453 /* main.m in Sources */,
				88B6F42716057D4F00E18453 /* AppDelegate.m in Sources */,
				88B6F42A16057D4F00E18453 /* FirstViewController.m in Sources */,
				88B6F43116057D4F00E18453 /* SecondViewController.m in Sources */,
				88B6F44316057FA400E18453 /* GradientBackgroundView.m in Sources */,
				88B6F4461605822500E18453 /* RoundedView.m in Sources */,
			);
			runOnlyForDeploymentPostprocessing = 0;
		};
/* End PBXSourcesBuildPhase section */

/* Begin PBXVariantGroup section */
		88B6F41F16057D4F00E18453 /* InfoPlist.strings */ = {
			isa = PBXVariantGroup;
			children = (
				88B6F42016057D4F00E18453 /* en */,
			);
			name = InfoPlist.strings;
			sourceTree = "<group>";
		};
		88B6F43616057D4F00E18453 /* FirstViewController.xib */ = {
			isa = PBXVariantGroup;
			children = (
				88B6F43716057D4F00E18453 /* en */,
			);
			name = FirstViewController.xib;
			sourceTree = "<group>";
		};
		88B6F43916057D4F00E18453 /* SecondViewController.xib */ = {
			isa = PBXVariantGroup;
			children = (
				88B6F43A16057D4F00E18453 /* en */,
			);
			name = SecondViewController.xib;
			sourceTree = "<group>";
		};
/* End PBXVariantGroup section */

/* Begin XCBuildConfiguration section */
		88B6F43C16057D4F00E18453 /* Debug */ = {
			isa = XCBuildConfiguration;
			buildSettings = {
				ALWAYS_SEARCH_USER_PATHS = NO;
				ARCHS = "$(ARCHS_STANDARD_32_BIT)";
				CLANG_CXX_LANGUAGE_STANDARD = "gnu++0x";
				CLANG_ENABLE_OBJC_ARC = YES;
				CLANG_WARN__DUPLICATE_METHOD_MATCH = YES;
				"CODE_SIGN_IDENTITY[sdk=iphoneos*]" = "iPhone Developer";
				COPY_PHASE_STRIP = NO;
				GCC_C_LANGUAGE_STANDARD = gnu99;
				GCC_DYNAMIC_NO_PIC = NO;
				GCC_OPTIMIZATION_LEVEL = 0;
				GCC_PREPROCESSOR_DEFINITIONS = (
					"DEBUG=1",
					"$(inherited)",
				);
				GCC_SYMBOLS_PRIVATE_EXTERN = NO;
				GCC_VERSION = com.apple.compilers.llvm.clang.1_0;
				GCC_WARN_ABOUT_RETURN_TYPE = YES;
				GCC_WARN_UNINITIALIZED_AUTOS = YES;
				GCC_WARN_UNUSED_VARIABLE = YES;
				IPHONEOS_DEPLOYMENT_TARGET = 5.1;
				SDKROOT = iphoneos;
				TARGETED_DEVICE_FAMILY = 2;
			};
			name = Debug;
		};
		88B6F43D16057D4F00E18453 /* Release */ = {
			isa = XCBuildConfiguration;
			buildSettings = {
				ALWAYS_SEARCH_USER_PATHS = NO;
				ARCHS = "$(ARCHS_STANDARD_32_BIT)";
				CLANG_CXX_LANGUAGE_STANDARD = "gnu++0x";
				CLANG_ENABLE_OBJC_ARC = YES;
				CLANG_WARN__DUPLICATE_METHOD_MATCH = YES;
				"CODE_SIGN_IDENTITY[sdk=iphoneos*]" = "iPhone Developer";
				COPY_PHASE_STRIP = YES;
				GCC_C_LANGUAGE_STANDARD = gnu99;
				GCC_VERSION = com.apple.compilers.llvm.clang.1_0;
				GCC_WARN_ABOUT_RETURN_TYPE = YES;
				GCC_WARN_UNINITIALIZED_AUTOS = YES;
				GCC_WARN_UNUSED_VARIABLE = YES;
				IPHONEOS_DEPLOYMENT_TARGET = 5.1;
				OTHER_CFLAGS = "-DNS_BLOCK_ASSERTIONS=1";
				SDKROOT = iphoneos;
				TARGETED_DEVICE_FAMILY = 2;
				VALIDATE_PRODUCT = YES;
			};
			name = Release;
		};
		88B6F43F16057D4F00E18453 /* Debug */ = {
			isa = XCBuildConfiguration;
			buildSettings = {
				GCC_PRECOMPILE_PREFIX_HEADER = YES;
				GCC_PREFIX_HEADER = "FormTrial/FormTrial-Prefix.pch";
				INFOPLIST_FILE = "FormTrial/FormTrial-Info.plist";
				PRODUCT_NAME = "$(TARGET_NAME)";
				WRAPPER_EXTENSION = app;
			};
			name = Debug;
		};
		88B6F44016057D4F00E18453 /* Release */ = {
			isa = XCBuildConfiguration;
			buildSettings = {
				GCC_PRECOMPILE_PREFIX_HEADER = YES;
				GCC_PREFIX_HEADER = "FormTrial/FormTrial-Prefix.pch";
				INFOPLIST_FILE = "FormTrial/FormTrial-Info.plist";
				PRODUCT_NAME = "$(TARGET_NAME)";
				WRAPPER_EXTENSION = app;
			};
			name = Release;
		};
/* End XCBuildConfiguration section */

/* Begin XCConfigurationList section */
		88B6F40C16057D4F00E18453 /* Build configuration list for PBXProject "FormTrial" */ = {
			isa = XCConfigurationList;
			buildConfigurations = (
				88B6F43C16057D4F00E18453 /* Debug */,
				88B6F43D16057D4F00E18453 /* Release */,
			);
			defaultConfigurationIsVisible = 0;
			defaultConfigurationName = Release;
		};
		88B6F43E16057D4F00E18453 /* Build configuration list for PBXNativeTarget "FormTrial" */ = {
			isa = XCConfigurationList;
			buildConfigurations = (
				88B6F43F16057D4F00E18453 /* Debug */,
				88B6F44016057D4F00E18453 /* Release */,
			);
			defaultConfigurationIsVisible = 0;
		};
/* End XCConfigurationList section */
	};
	rootObject = 88B6F40916057D4F00E18453 /* Project object */;
}
